
Microsoft Visual Studio Solution File, Format Version 12.00
# Visual Studio 14
VisualStudioVersion = 14.0.25420.1
MinimumVisualStudioVersion = 10.0.40219.1
Project("{FAE04EC0-301F-11D3-BF4B-00C04F79EFBC}") = "JPGInsertToPDF", "JPGInsertToPDF\JPGInsertToPDF.csproj", "{7FE17415-46BF-400D-89E0-1612502C0CCF}"
EndProject
Global
	GlobalSection(SolutionConfigurationPlatforms) = preSolution
		Debug|Any CPU = Debug|Any CPU
		Release|Any CPU = Release|Any CPU
	EndGlobalSection
	GlobalSection(ProjectConfigurationPlatforms) = postSolution
		{7FE17415-46BF-400D-89E0-1612502C0CCF}.Debug|Any CPU.ActiveCfg = Debug|Any CPU
		{7FE17415-46BF-400D-89E0-1612502C0CCF}.Debug|Any CPU.Build.0 = Debug|Any CPU
		{7FE17415-46BF-400D-89E0-1612502C0CCF}.Release|Any CPU.ActiveCfg = Release|Any CPU
		{7FE17415-46BF-400D-89E0-1612502C0CCF}.Release|Any CPU.Build.0 = Release|Any CPU
	EndGlobalSection
	GlobalSection(SolutionProperties) = preSolution
		HideSolutionNode = FALSE
	EndGlobalSection
EndGlobal
